
Microsoft Visual Studio Solution File, Format Version 12.00
# Visual Studio 2012
Project("{8BC9CEB8-8B4A-11D0-8D11-00A0C91BC942}") = "Project1", "Project1\Project1.vcxproj", "{8F2F7BF5-ED18-4338-9DBA-9C90AB0F1BEB}"
EndProject
Global
	GlobalSection(SolutionConfigurationPlatforms) = preSolution
		Debug|Win32 = Debug|Win32
		Release|Win32 = Release|Win32
	EndGlobalSection
	GlobalSection(ProjectConfigurationPlatforms) = postSolution
		{8F2F7BF5-ED18-4338-9DBA-9C90AB0F1BEB}.Debug|Win32.ActiveCfg = Debug|Win32
		{8F2F7BF5-ED18-4338-9DBA-9C90AB0F1BEB}.Debug|Win32.Build.0 = Debug|Win32
		{8F2F7BF5-ED18-4338-9DBA-9C90AB0F1BEB}.Release|Win32.ActiveCfg = Release|Win32
		{8F2F7BF5-ED18-4338-9DBA-9C90AB0F1BEB}.Release|Win32.Build.0 = Release|Win32
	EndGlobalSection
	GlobalSection(SolutionProperties) = preSolution
		HideSolutionNode = FALSE
	EndGlobalSection
EndGlobal
