
Microsoft Visual Studio Solution File, Format Version 12.00
# Visual Studio 2012
Project("{8BC9CEB8-8B4A-11D0-8D11-00A0C91BC942}") = "LONG_MAX", "LONG_MAX\LONG_MAX.vcxproj", "{53C17B61-BF96-41D2-8D32-440ECDCB4C03}"
EndProject
Global
	GlobalSection(SolutionConfigurationPlatforms) = preSolution
		Debug|Win32 = Debug|Win32
		Release|Win32 = Release|Win32
	EndGlobalSection
	GlobalSection(ProjectConfigurationPlatforms) = postSolution
		{53C17B61-BF96-41D2-8D32-440ECDCB4C03}.Debug|Win32.ActiveCfg = Debug|Win32
		{53C17B61-BF96-41D2-8D32-440ECDCB4C03}.Debug|Win32.Build.0 = Debug|Win32
		{53C17B61-BF96-41D2-8D32-440ECDCB4C03}.Release|Win32.ActiveCfg = Release|Win32
		{53C17B61-BF96-41D2-8D32-440ECDCB4C03}.Release|Win32.Build.0 = Release|Win32
	EndGlobalSection
	GlobalSection(SolutionProperties) = preSolution
		HideSolutionNode = FALSE
	EndGlobalSection
EndGlobal
